
Microsoft Visual Studio Solution File, Format Version 12.00
# Visual Studio Version 17
VisualStudioVersion = 17.5.002.0
MinimumVisualStudioVersion = 10.0.40219.1
Project("{9A19103F-16F7-4668-BE54-9A1E7A4F7556}") = "DesafioProjetoHospedagem", "DesafioProjetoHospedagem.csproj", "{43A96F8B-B255-4A85-A5EA-FC55F881A339}"
EndProject
Global
	GlobalSection(SolutionConfigurationPlatforms) = preSolution
		Debug|Any CPU = Debug|Any CPU
		Release|Any CPU = Release|Any CPU
	EndGlobalSection
	GlobalSection(ProjectConfigurationPlatforms) = postSolution
		{43A96F8B-B255-4A85-A5EA-FC55F881A339}.Debug|Any CPU.ActiveCfg = Debug|Any CPU
		{43A96F8B-B255-4A85-A5EA-FC55F881A339}.Debug|Any CPU.Build.0 = Debug|Any CPU
		{43A96F8B-B255-4A85-A5EA-FC55F881A339}.Release|Any CPU.ActiveCfg = Release|Any CPU
		{43A96F8B-B255-4A85-A5EA-FC55F881A339}.Release|Any CPU.Build.0 = Release|Any CPU
	EndGlobalSection
	GlobalSection(SolutionProperties) = preSolution
		HideSolutionNode = FALSE
	EndGlobalSection
	GlobalSection(ExtensibilityGlobals) = postSolution
		SolutionGuid = {25B9F213-5DE0-48D1-AA6C-727359A94E50}
	EndGlobalSection
EndGlobal
